
Microsoft Visual Studio Solution File, Format Version 12.00
# Visual Studio 15
VisualStudioVersion = 15.0.28307.271
MinimumVisualStudioVersion = 10.0.40219.1
Project("{FAE04EC0-301F-11D3-BF4B-00C04F79EFBC}") = "Spring19Test", "Spring19Test\Spring19Test.csproj", "{7208F467-8530-45B4-8206-533C23B1D202}"
EndProject
Global
	GlobalSection(SolutionConfigurationPlatforms) = preSolution
		Debug|Any CPU = Debug|Any CPU
		Release|Any CPU = Release|Any CPU
	EndGlobalSection
	GlobalSection(ProjectConfigurationPlatforms) = postSolution
		{7208F467-8530-45B4-8206-533C23B1D202}.Debug|Any CPU.ActiveCfg = Debug|Any CPU
		{7208F467-8530-45B4-8206-533C23B1D202}.Debug|Any CPU.Build.0 = Debug|Any CPU
		{7208F467-8530-45B4-8206-533C23B1D202}.Release|Any CPU.ActiveCfg = Release|Any CPU
		{7208F467-8530-45B4-8206-533C23B1D202}.Release|Any CPU.Build.0 = Release|Any CPU
	EndGlobalSection
	GlobalSection(SolutionProperties) = preSolution
		HideSolutionNode = FALSE
	EndGlobalSection
	GlobalSection(ExtensibilityGlobals) = postSolution
		SolutionGuid = {F5716121-9FDA-4E8B-B5E1-7F59CABD6401}
	EndGlobalSection
EndGlobal
